
Microsoft Visual Studio Solution File, Format Version 12.00
Project("{FAE04EC0-301F-11D3-BF4B-00C04F79EFBC}") = "Runbook", "Runbook\Runbook.csproj", "{B0946A7D-0277-47E2-84E2-74698E3AA18B}"
EndProject
Project("{2150E333-8FDC-42A3-9474-1A3956D46DE8}") = "Solution Files", "Solution Files", "{509FF6E9-5D4C-4120-BC3E-1A269713A38B}"
	ProjectSection(SolutionItems) = preProject
		README.md = README.md
		.gitignore = .gitignore
		ARCHITECTURE.md = ARCHITECTURE.md
	EndProjectSection
EndProject
Project("{2150E333-8FDC-42A3-9474-1A3956D46DE8}") = "github-workflow", "github-workflow", "{8FE9F61F-E179-4459-B390-3263B88F814C}"
	ProjectSection(SolutionItems) = preProject
		.github\workflows\build.yml = .github\workflows\build.yml
	EndProjectSection
EndProject
Project("{FAE04EC0-301F-11D3-BF4B-00C04F79EFBC}") = "UnitTests", "UnitTests\UnitTests.csproj", "{39B50155-7297-464C-97F0-F49A066E3E37}"
EndProject
Global
	GlobalSection(SolutionConfigurationPlatforms) = preSolution
		Debug|Any CPU = Debug|Any CPU
		Release|Any CPU = Release|Any CPU
	EndGlobalSection
	GlobalSection(ProjectConfigurationPlatforms) = postSolution
		{B0946A7D-0277-47E2-84E2-74698E3AA18B}.Debug|Any CPU.ActiveCfg = Debug|Any CPU
		{B0946A7D-0277-47E2-84E2-74698E3AA18B}.Debug|Any CPU.Build.0 = Debug|Any CPU
		{B0946A7D-0277-47E2-84E2-74698E3AA18B}.Release|Any CPU.ActiveCfg = Release|Any CPU
		{B0946A7D-0277-47E2-84E2-74698E3AA18B}.Release|Any CPU.Build.0 = Release|Any CPU
		{39B50155-7297-464C-97F0-F49A066E3E37}.Debug|Any CPU.ActiveCfg = Debug|Any CPU
		{39B50155-7297-464C-97F0-F49A066E3E37}.Debug|Any CPU.Build.0 = Debug|Any CPU
		{39B50155-7297-464C-97F0-F49A066E3E37}.Release|Any CPU.ActiveCfg = Release|Any CPU
		{39B50155-7297-464C-97F0-F49A066E3E37}.Release|Any CPU.Build.0 = Release|Any CPU
	EndGlobalSection
	GlobalSection(NestedProjects) = preSolution
		{8FE9F61F-E179-4459-B390-3263B88F814C} = {509FF6E9-5D4C-4120-BC3E-1A269713A38B}
	EndGlobalSection
EndGlobal
